
Microsoft Visual Studio Solution File, Format Version 12.00
# Visual Studio 15
VisualStudioVersion = 15.0.28307.779
MinimumVisualStudioVersion = 10.0.40219.1
Project("{2150E333-8FDC-42A3-9474-1A3956D46DE8}") = "Server", "Server", "{CF2E2CDA-C5B8-414C-BCB3-CA8DB7FE61A7}"
EndProject
Project("{2150E333-8FDC-42A3-9474-1A3956D46DE8}") = "Client", "Client", "{C383DAC8-CF78-4125-A540-A9E68E4913C9}"
EndProject
Project("{FAE04EC0-301F-11D3-BF4B-00C04F79EFBC}") = "ChatClient", "ChatClient\ChatClient.csproj", "{D19D02E7-AF8E-481B-A082-EF4CC91FECC0}"
EndProject
Project("{FAE04EC0-301F-11D3-BF4B-00C04F79EFBC}") = "ChatServer", "ChatServer\ChatServer.csproj", "{AEBF18E8-D46F-495F-86C6-CA33B554355C}"
EndProject
Project("{2150E333-8FDC-42A3-9474-1A3956D46DE8}") = "SocketProxy", "SocketProxy", "{8CF35EC8-A884-483D-97D0-A2942F466287}"
EndProject
Project("{FAE04EC0-301F-11D3-BF4B-00C04F79EFBC}") = "SocketProxy", "SocketProxy\SocketProxy.csproj", "{7942DBF7-9354-41B2-934B-E1F80C52A3C0}"
EndProject
Project("{2150E333-8FDC-42A3-9474-1A3956D46DE8}") = "Tests", "Tests", "{2B42304B-9BC5-49D2-B632-5BAE8EA93A92}"
EndProject
Project("{FAE04EC0-301F-11D3-BF4B-00C04F79EFBC}") = "ServerTests", "ServerTests\ServerTests.csproj", "{D632B189-AD8E-43BB-B562-A698AA0F736B}"
EndProject
Project("{FAE04EC0-301F-11D3-BF4B-00C04F79EFBC}") = "ClientTests", "ClientTests\ClientTests.csproj", "{F34C5195-106C-4819-80B6-3D883D9DD20D}"
EndProject
Global
	GlobalSection(SolutionConfigurationPlatforms) = preSolution
		Debug|Any CPU = Debug|Any CPU
		Release|Any CPU = Release|Any CPU
	EndGlobalSection
	GlobalSection(ProjectConfigurationPlatforms) = postSolution
		{D19D02E7-AF8E-481B-A082-EF4CC91FECC0}.Debug|Any CPU.ActiveCfg = Debug|Any CPU
		{D19D02E7-AF8E-481B-A082-EF4CC91FECC0}.Debug|Any CPU.Build.0 = Debug|Any CPU
		{D19D02E7-AF8E-481B-A082-EF4CC91FECC0}.Release|Any CPU.ActiveCfg = Release|Any CPU
		{D19D02E7-AF8E-481B-A082-EF4CC91FECC0}.Release|Any CPU.Build.0 = Release|Any CPU
		{AEBF18E8-D46F-495F-86C6-CA33B554355C}.Debug|Any CPU.ActiveCfg = Debug|Any CPU
		{AEBF18E8-D46F-495F-86C6-CA33B554355C}.Debug|Any CPU.Build.0 = Debug|Any CPU
		{AEBF18E8-D46F-495F-86C6-CA33B554355C}.Release|Any CPU.ActiveCfg = Release|Any CPU
		{AEBF18E8-D46F-495F-86C6-CA33B554355C}.Release|Any CPU.Build.0 = Release|Any CPU
		{7942DBF7-9354-41B2-934B-E1F80C52A3C0}.Debug|Any CPU.ActiveCfg = Debug|Any CPU
		{7942DBF7-9354-41B2-934B-E1F80C52A3C0}.Debug|Any CPU.Build.0 = Debug|Any CPU
		{7942DBF7-9354-41B2-934B-E1F80C52A3C0}.Release|Any CPU.ActiveCfg = Release|Any CPU
		{7942DBF7-9354-41B2-934B-E1F80C52A3C0}.Release|Any CPU.Build.0 = Release|Any CPU
		{D632B189-AD8E-43BB-B562-A698AA0F736B}.Debug|Any CPU.ActiveCfg = Debug|Any CPU
		{D632B189-AD8E-43BB-B562-A698AA0F736B}.Debug|Any CPU.Build.0 = Debug|Any CPU
		{D632B189-AD8E-43BB-B562-A698AA0F736B}.Release|Any CPU.ActiveCfg = Release|Any CPU
		{D632B189-AD8E-43BB-B562-A698AA0F736B}.Release|Any CPU.Build.0 = Release|Any CPU
		{F34C5195-106C-4819-80B6-3D883D9DD20D}.Debug|Any CPU.ActiveCfg = Debug|Any CPU
		{F34C5195-106C-4819-80B6-3D883D9DD20D}.Debug|Any CPU.Build.0 = Debug|Any CPU
		{F34C5195-106C-4819-80B6-3D883D9DD20D}.Release|Any CPU.ActiveCfg = Release|Any CPU
		{F34C5195-106C-4819-80B6-3D883D9DD20D}.Release|Any CPU.Build.0 = Release|Any CPU
	EndGlobalSection
	GlobalSection(SolutionProperties) = preSolution
		HideSolutionNode = FALSE
	EndGlobalSection
	GlobalSection(NestedProjects) = preSolution
		{D19D02E7-AF8E-481B-A082-EF4CC91FECC0} = {C383DAC8-CF78-4125-A540-A9E68E4913C9}
		{AEBF18E8-D46F-495F-86C6-CA33B554355C} = {CF2E2CDA-C5B8-414C-BCB3-CA8DB7FE61A7}
		{7942DBF7-9354-41B2-934B-E1F80C52A3C0} = {8CF35EC8-A884-483D-97D0-A2942F466287}
		{D632B189-AD8E-43BB-B562-A698AA0F736B} = {2B42304B-9BC5-49D2-B632-5BAE8EA93A92}
		{F34C5195-106C-4819-80B6-3D883D9DD20D} = {2B42304B-9BC5-49D2-B632-5BAE8EA93A92}
	EndGlobalSection
	GlobalSection(ExtensibilityGlobals) = postSolution
		SolutionGuid = {9F4D87AB-15DB-4937-9E1D-AAFEE3B8261D}
	EndGlobalSection
EndGlobal
